
Microsoft Visual Studio Solution File, Format Version 12.00
# Visual Studio Version 17
VisualStudioVersion = 17.13.35931.197
MinimumVisualStudioVersion = 10.0.40219.1
Project("{FAE04EC0-301F-11D3-BF4B-00C04F79EFBC}") = "FluentValidationApp", "FluentValidation\FluentValidationApp.csproj", "{D2C04C5A-AED5-4B44-B916-31B686FDA980}"
EndProject
Project("{FAE04EC0-301F-11D3-BF4B-00C04F79EFBC}") = "RateLimit.API", "RateLimit.API\RateLimit.API.csproj", "{C503B03C-686F-4BDD-BA96-8E4D1133FB17}"
EndProject
Project("{FAE04EC0-301F-11D3-BF4B-00C04F79EFBC}") = "SmidgeApp.Web", "SmidgeApp.Web\SmidgeApp.Web.csproj", "{5DBD9F68-1578-404B-BC6F-4F5E72EB8333}"
EndProject
Project("{FAE04EC0-301F-11D3-BF4B-00C04F79EFBC}") = "HangFire.Web", "HangFire.Web\HangFire.Web.csproj", "{8FEF8B5A-0179-4739-A1B7-E342B09248C9}"
EndProject
Project("{FAE04EC0-301F-11D3-BF4B-00C04F79EFBC}") = "ErrorHandling", "ErrorHandling\ErrorHandling.csproj", "{0C68F3B5-B779-4763-8A58-DEA622003BEE}"
EndProject
Global
	GlobalSection(SolutionConfigurationPlatforms) = preSolution
		Debug|Any CPU = Debug|Any CPU
		Release|Any CPU = Release|Any CPU
	EndGlobalSection
	GlobalSection(ProjectConfigurationPlatforms) = postSolution
		{D2C04C5A-AED5-4B44-B916-31B686FDA980}.Debug|Any CPU.ActiveCfg = Debug|Any CPU
		{D2C04C5A-AED5-4B44-B916-31B686FDA980}.Debug|Any CPU.Build.0 = Debug|Any CPU
		{D2C04C5A-AED5-4B44-B916-31B686FDA980}.Release|Any CPU.ActiveCfg = Release|Any CPU
		{D2C04C5A-AED5-4B44-B916-31B686FDA980}.Release|Any CPU.Build.0 = Release|Any CPU
		{C503B03C-686F-4BDD-BA96-8E4D1133FB17}.Debug|Any CPU.ActiveCfg = Debug|Any CPU
		{C503B03C-686F-4BDD-BA96-8E4D1133FB17}.Debug|Any CPU.Build.0 = Debug|Any CPU
		{C503B03C-686F-4BDD-BA96-8E4D1133FB17}.Release|Any CPU.ActiveCfg = Release|Any CPU
		{C503B03C-686F-4BDD-BA96-8E4D1133FB17}.Release|Any CPU.Build.0 = Release|Any CPU
		{5DBD9F68-1578-404B-BC6F-4F5E72EB8333}.Debug|Any CPU.ActiveCfg = Debug|Any CPU
		{5DBD9F68-1578-404B-BC6F-4F5E72EB8333}.Debug|Any CPU.Build.0 = Debug|Any CPU
		{5DBD9F68-1578-404B-BC6F-4F5E72EB8333}.Release|Any CPU.ActiveCfg = Release|Any CPU
		{5DBD9F68-1578-404B-BC6F-4F5E72EB8333}.Release|Any CPU.Build.0 = Release|Any CPU
		{8FEF8B5A-0179-4739-A1B7-E342B09248C9}.Debug|Any CPU.ActiveCfg = Debug|Any CPU
		{8FEF8B5A-0179-4739-A1B7-E342B09248C9}.Debug|Any CPU.Build.0 = Debug|Any CPU
		{8FEF8B5A-0179-4739-A1B7-E342B09248C9}.Release|Any CPU.ActiveCfg = Release|Any CPU
		{8FEF8B5A-0179-4739-A1B7-E342B09248C9}.Release|Any CPU.Build.0 = Release|Any CPU
		{0C68F3B5-B779-4763-8A58-DEA622003BEE}.Debug|Any CPU.ActiveCfg = Debug|Any CPU
		{0C68F3B5-B779-4763-8A58-DEA622003BEE}.Debug|Any CPU.Build.0 = Debug|Any CPU
		{0C68F3B5-B779-4763-8A58-DEA622003BEE}.Release|Any CPU.ActiveCfg = Release|Any CPU
		{0C68F3B5-B779-4763-8A58-DEA622003BEE}.Release|Any CPU.Build.0 = Release|Any CPU
	EndGlobalSection
	GlobalSection(SolutionProperties) = preSolution
		HideSolutionNode = FALSE
	EndGlobalSection
	GlobalSection(ExtensibilityGlobals) = postSolution
		SolutionGuid = {17E5ABFB-05E8-40BA-AFB9-212A63FA3EFB}
	EndGlobalSection
EndGlobal
